
Microsoft Visual Studio Solution File, Format Version 12.00
# Visual Studio Version 16
VisualStudioVersion = 16.0.34031.81
MinimumVisualStudioVersion = 10.0.40219.1
Project("{E24C65DC-7377-472B-9ABA-BC803B73C61A}") = "BD_Nube", "BD_Nube\", "{471FACCC-5469-4637-9A0B-033ADE5FACED}"
	ProjectSection(WebsiteProperties) = preProject
		TargetFrameworkMoniker = ".NETFramework,Version%3Dv4.7.2"
		Debug.AspNetCompiler.VirtualPath = "/localhost_60533"
		Debug.AspNetCompiler.PhysicalPath = "BD_Nube\"
		Debug.AspNetCompiler.TargetPath = "PrecompiledWeb\localhost_60533\"
		Debug.AspNetCompiler.Updateable = "true"
		Debug.AspNetCompiler.ForceOverwrite = "true"
		Debug.AspNetCompiler.FixedNames = "false"
		Debug.AspNetCompiler.Debug = "True"
		Release.AspNetCompiler.VirtualPath = "/localhost_60533"
		Release.AspNetCompiler.PhysicalPath = "BD_Nube\"
		Release.AspNetCompiler.TargetPath = "PrecompiledWeb\localhost_60533\"
		Release.AspNetCompiler.Updateable = "true"
		Release.AspNetCompiler.ForceOverwrite = "true"
		Release.AspNetCompiler.FixedNames = "false"
		Release.AspNetCompiler.Debug = "False"
		VWDPort = "60533"
		DefaultWebSiteLanguage = "Visual C#"
	EndProjectSection
EndProject
Global
	GlobalSection(SolutionConfigurationPlatforms) = preSolution
		Debug|Any CPU = Debug|Any CPU
	EndGlobalSection
	GlobalSection(ProjectConfigurationPlatforms) = postSolution
		{471FACCC-5469-4637-9A0B-033ADE5FACED}.Debug|Any CPU.ActiveCfg = Debug|Any CPU
		{471FACCC-5469-4637-9A0B-033ADE5FACED}.Debug|Any CPU.Build.0 = Debug|Any CPU
	EndGlobalSection
	GlobalSection(SolutionProperties) = preSolution
		HideSolutionNode = FALSE
	EndGlobalSection
	GlobalSection(ExtensibilityGlobals) = postSolution
		SolutionGuid = {2F3CF0C9-D8E6-45B9-AE78-915D2342841A}
	EndGlobalSection
EndGlobal
